
Microsoft Visual Studio Solution File, Format Version 12.00
# Visual Studio Version 17
VisualStudioVersion = 17.3.32922.545
MinimumVisualStudioVersion = 10.0.40219.1
Project("{FAE04EC0-301F-11D3-BF4B-00C04F79EFBC}") = "TP3-AlgoritmosAvancados", "TP3-AlgoritmosAvancados\TP3-AlgoritmosAvancados.csproj", "{9C627530-75D3-4736-9CC5-AE09A2C2355C}"
EndProject
Global
	GlobalSection(SolutionConfigurationPlatforms) = preSolution
		Debug|Any CPU = Debug|Any CPU
		Release|Any CPU = Release|Any CPU
	EndGlobalSection
	GlobalSection(ProjectConfigurationPlatforms) = postSolution
		{9C627530-75D3-4736-9CC5-AE09A2C2355C}.Debug|Any CPU.ActiveCfg = Debug|Any CPU
		{9C627530-75D3-4736-9CC5-AE09A2C2355C}.Debug|Any CPU.Build.0 = Debug|Any CPU
		{9C627530-75D3-4736-9CC5-AE09A2C2355C}.Release|Any CPU.ActiveCfg = Release|Any CPU
		{9C627530-75D3-4736-9CC5-AE09A2C2355C}.Release|Any CPU.Build.0 = Release|Any CPU
	EndGlobalSection
	GlobalSection(SolutionProperties) = preSolution
		HideSolutionNode = FALSE
	EndGlobalSection
	GlobalSection(ExtensibilityGlobals) = postSolution
		SolutionGuid = {8AA221F2-C4A3-4455-BF99-99BD34366A77}
	EndGlobalSection
EndGlobal
